// !$*UTF8*$!
{
	archiveVersion = 1;
	classes = {
	};
	objectVersion = 56;
	objects = {

/* Begin PBXBuildFile section */
		5A0BBD1329009AA4008F4936 /* Move.swift in Sources */ = {isa = PBXBuildFile; fileRef = 5A0BBD1229009AA4008F4936 /* Move.swift */; };
		5A32134328FDC07900E15F89 /* Graph.swift in Sources */ = {isa = PBXBuildFile; fileRef = 5A32134228FDC07900E15F89 /* Graph.swift */; };
		5A685269292D05BD007FA624 /* StateUI.swift in Sources */ = {isa = PBXBuildFile; fileRef = 5A685268292D05BD007FA624 /* StateUI.swift */; };
		5A8220322906939500A17642 /* View.swift in Sources */ = {isa = PBXBuildFile; fileRef = 5A8220312906939500A17642 /* View.swift */; };
		5AEC630928ED85A4001AEE3D /* gapsApp.swift in Sources */ = {isa = PBXBuildFile; fileRef = 5AEC630828ED85A4001AEE3D /* gapsApp.swift */; };
		5AEC630B28ED85A4001AEE3D /* ContentView.swift in Sources */ = {isa = PBXBuildFile; fileRef = 5AEC630A28ED85A4001AEE3D /* ContentView.swift */; };
		5AEC630D28ED85A5001AEE3D /* Assets.xcassets in Resources */ = {isa = PBXBuildFile; fileRef = 5AEC630C28ED85A5001AEE3D /* Assets.xcassets */; };
		5AEC631128ED85A5001AEE3D /* Preview Assets.xcassets in Resources */ = {isa = PBXBuildFile; fileRef = 5AEC631028ED85A5001AEE3D /* Preview Assets.xcassets */; };
		5AEC631B28ED85A5001AEE3D /* gapsTests.swift in Sources */ = {isa = PBXBuildFile; fileRef = 5AEC631A28ED85A5001AEE3D /* gapsTests.swift */; };
		5AEC632528ED85A5001AEE3D /* gapsUITests.swift in Sources */ = {isa = PBXBuildFile; fileRef = 5AEC632428ED85A5001AEE3D /* gapsUITests.swift */; };
		5AEC632728ED85A5001AEE3D /* gapsUITestsLaunchTests.swift in Sources */ = {isa = PBXBuildFile; fileRef = 5AEC632628ED85A5001AEE3D /* gapsUITestsLaunchTests.swift */; };
		5AEC633528ED9B32001AEE3D /* Card.swift in Sources */ = {isa = PBXBuildFile; fileRef = 5AEC633428ED9B32001AEE3D /* Card.swift */; };
		5AEC633728ED9B98001AEE3D /* CardColors.swift in Sources */ = {isa = PBXBuildFile; fileRef = 5AEC633628ED9B98001AEE3D /* CardColors.swift */; };
		5AEC633928ED9C64001AEE3D /* CardNumbers.swift in Sources */ = {isa = PBXBuildFile; fileRef = 5AEC633828ED9C64001AEE3D /* CardNumbers.swift */; };
		5AEC633B28ED9D66001AEE3D /* GameState.swift in Sources */ = {isa = PBXBuildFile; fileRef = 5AEC633A28ED9D66001AEE3D /* GameState.swift */; };
		5AEC633D28ED9DD9001AEE3D /* Matrix.swift in Sources */ = {isa = PBXBuildFile; fileRef = 5AEC633C28ED9DD9001AEE3D /* Matrix.swift */; };
/* End PBXBuildFile section */

/* Begin PBXContainerItemProxy section */
		5AEC631728ED85A5001AEE3D /* PBXContainerItemProxy */ = {
			isa = PBXContainerItemProxy;
			containerPortal = 5AEC62FD28ED85A4001AEE3D /* Project object */;
			proxyType = 1;
			remoteGlobalIDString = 5AEC630428ED85A4001AEE3D;
			remoteInfo = gaps;
		};
		5AEC632128ED85A5001AEE3D /* PBXContainerItemProxy */ = {
			isa = PBXContainerItemProxy;
			containerPortal = 5AEC62FD28ED85A4001AEE3D /* Project object */;
			proxyType = 1;
			remoteGlobalIDString = 5AEC630428ED85A4001AEE3D;
			remoteInfo = gaps;
		};
/* End PBXContainerItemProxy section */

/* Begin PBXFileReference section */
		5A0BBD1229009AA4008F4936 /* Move.swift */ = {isa = PBXFileReference; lastKnownFileType = sourcecode.swift; path = Move.swift; sourceTree = "<group>"; };
		5A32134228FDC07900E15F89 /* Graph.swift */ = {isa = PBXFileReference; lastKnownFileType = sourcecode.swift; path = Graph.swift; sourceTree = "<group>"; };
		5A685268292D05BD007FA624 /* StateUI.swift */ = {isa = PBXFileReference; lastKnownFileType = sourcecode.swift; path = StateUI.swift; sourceTree = "<group>"; };
		5A8220312906939500A17642 /* View.swift */ = {isa = PBXFileReference; lastKnownFileType = sourcecode.swift; path = View.swift; sourceTree = "<group>"; };
		5AEC630528ED85A4001AEE3D /* gaps.app */ = {isa = PBXFileReference; explicitFileType = wrapper.application; includeInIndex = 0; path = gaps.app; sourceTree = BUILT_PRODUCTS_DIR; };
		5AEC630828ED85A4001AEE3D /* gapsApp.swift */ = {isa = PBXFileReference; lastKnownFileType = sourcecode.swift; path = gapsApp.swift; sourceTree = "<group>"; };
		5AEC630A28ED85A4001AEE3D /* ContentView.swift */ = {isa = PBXFileReference; lastKnownFileType = sourcecode.swift; path = ContentView.swift; sourceTree = "<group>"; };
		5AEC630C28ED85A5001AEE3D /* Assets.xcassets */ = {isa = PBXFileReference; lastKnownFileType = folder.assetcatalog; path = Assets.xcassets; sourceTree = "<group>"; };
		5AEC630E28ED85A5001AEE3D /* gaps.entitlements */ = {isa = PBXFileReference; lastKnownFileType = text.plist.entitlements; path = gaps.entitlements; sourceTree = "<group>"; };
		5AEC631028ED85A5001AEE3D /* Preview Assets.xcassets */ = {isa = PBXFileReference; lastKnownFileType = folder.assetcatalog; path = "Preview Assets.xcassets"; sourceTree = "<group>"; };
		5AEC631628ED85A5001AEE3D /* gapsTests.xctest */ = {isa = PBXFileReference; explicitFileType = wrapper.cfbundle; includeInIndex = 0; path = gapsTests.xctest; sourceTree = BUILT_PRODUCTS_DIR; };
		5AEC631A28ED85A5001AEE3D /* gapsTests.swift */ = {isa = PBXFileReference; lastKnownFileType = sourcecode.swift; path = gapsTests.swift; sourceTree = "<group>"; };
		5AEC632028ED85A5001AEE3D /* gapsUITests.xctest */ = {isa = PBXFileReference; explicitFileType = wrapper.cfbundle; includeInIndex = 0; path = gapsUITests.xctest; sourceTree = BUILT_PRODUCTS_DIR; };
		5AEC632428ED85A5001AEE3D /* gapsUITests.swift */ = {isa = PBXFileReference; lastKnownFileType = sourcecode.swift; path = gapsUITests.swift; sourceTree = "<group>"; };
		5AEC632628ED85A5001AEE3D /* gapsUITestsLaunchTests.swift */ = {isa = PBXFileReference; lastKnownFileType = sourcecode.swift; path = gapsUITestsLaunchTests.swift; sourceTree = "<group>"; };
		5AEC633428ED9B32001AEE3D /* Card.swift */ = {isa = PBXFileReference; lastKnownFileType = sourcecode.swift; path = Card.swift; sourceTree = "<group>"; };
		5AEC633628ED9B98001AEE3D /* CardColors.swift */ = {isa = PBXFileReference; lastKnownFileType = sourcecode.swift; path = CardColors.swift; sourceTree = "<group>"; };
		5AEC633828ED9C64001AEE3D /* CardNumbers.swift */ = {isa = PBXFileReference; lastKnownFileType = sourcecode.swift; path = CardNumbers.swift; sourceTree = "<group>"; };
		5AEC633A28ED9D66001AEE3D /* GameState.swift */ = {isa = PBXFileReference; lastKnownFileType = sourcecode.swift; path = GameState.swift; sourceTree = "<group>"; };
		5AEC633C28ED9DD9001AEE3D /* Matrix.swift */ = {isa = PBXFileReference; lastKnownFileType = sourcecode.swift; path = Matrix.swift; sourceTree = "<group>"; };
/* End PBXFileReference section */

/* Begin PBXFrameworksBuildPhase section */
		5AEC630228ED85A4001AEE3D /* Frameworks */ = {
			isa = PBXFrameworksBuildPhase;
			buildActionMask = 2147483647;
			files = (
			);
			runOnlyForDeploymentPostprocessing = 0;
		};
		5AEC631328ED85A5001AEE3D /* Frameworks */ = {
			isa = PBXFrameworksBuildPhase;
			buildActionMask = 2147483647;
			files = (
			);
			runOnlyForDeploymentPostprocessing = 0;
		};
		5AEC631D28ED85A5001AEE3D /* Frameworks */ = {
			isa = PBXFrameworksBuildPhase;
			buildActionMask = 2147483647;
			files = (
			);
			runOnlyForDeploymentPostprocessing = 0;
		};
/* End PBXFrameworksBuildPhase section */

/* Begin PBXGroup section */
		5A20F5AA292CEC1500627915 /* components */ = {
			isa = PBXGroup;
			children = (
				5A685268292D05BD007FA624 /* StateUI.swift */,
			);
			path = components;
			sourceTree = "<group>";
		};
		5AEC62FC28ED85A4001AEE3D = {
			isa = PBXGroup;
			children = (
				5AEC630728ED85A4001AEE3D /* gaps */,
				5AEC631928ED85A5001AEE3D /* gapsTests */,
				5AEC632328ED85A5001AEE3D /* gapsUITests */,
				5AEC630628ED85A4001AEE3D /* Products */,
			);
			sourceTree = "<group>";
		};
		5AEC630628ED85A4001AEE3D /* Products */ = {
			isa = PBXGroup;
			children = (
				5AEC630528ED85A4001AEE3D /* gaps.app */,
				5AEC631628ED85A5001AEE3D /* gapsTests.xctest */,
				5AEC632028ED85A5001AEE3D /* gapsUITests.xctest */,
			);
			name = Products;
			sourceTree = "<group>";
		};
		5AEC630728ED85A4001AEE3D /* gaps */ = {
			isa = PBXGroup;
			children = (
				5A20F5AA292CEC1500627915 /* components */,
				5AEC633328ED9B23001AEE3D /* logic */,
				5AEC630828ED85A4001AEE3D /* gapsApp.swift */,
				5AEC630A28ED85A4001AEE3D /* ContentView.swift */,
				5AEC630C28ED85A5001AEE3D /* Assets.xcassets */,
				5AEC630E28ED85A5001AEE3D /* gaps.entitlements */,
				5AEC630F28ED85A5001AEE3D /* Preview Content */,
			);
			path = gaps;
			sourceTree = "<group>";
		};
		5AEC630F28ED85A5001AEE3D /* Preview Content */ = {
			isa = PBXGroup;
			children = (
				5AEC631028ED85A5001AEE3D /* Preview Assets.xcassets */,
			);
			path = "Preview Content";
			sourceTree = "<group>";
		};
		5AEC631928ED85A5001AEE3D /* gapsTests */ = {
			isa = PBXGroup;
			children = (
				5AEC631A28ED85A5001AEE3D /* gapsTests.swift */,
			);
			path = gapsTests;
			sourceTree = "<group>";
		};
		5AEC632328ED85A5001AEE3D /* gapsUITests */ = {
			isa = PBXGroup;
			children = (
				5AEC632428ED85A5001AEE3D /* gapsUITests.swift */,
				5AEC632628ED85A5001AEE3D /* gapsUITestsLaunchTests.swift */,
			);
			path = gapsUITests;
			sourceTree = "<group>";
		};
		5AEC633328ED9B23001AEE3D /* logic */ = {
			isa = PBXGroup;
			children = (
				5AEC633428ED9B32001AEE3D /* Card.swift */,
				5AEC633628ED9B98001AEE3D /* CardColors.swift */,
				5AEC633828ED9C64001AEE3D /* CardNumbers.swift */,
				5AEC633A28ED9D66001AEE3D /* GameState.swift */,
				5AEC633C28ED9DD9001AEE3D /* Matrix.swift */,
				5A32134228FDC07900E15F89 /* Graph.swift */,
				5A0BBD1229009AA4008F4936 /* Move.swift */,
				5A8220312906939500A17642 /* View.swift */,
			);
			path = logic;
			sourceTree = "<group>";
		};
/* End PBXGroup section */

/* Begin PBXNativeTarget section */
		5AEC630428ED85A4001AEE3D /* gaps */ = {
			isa = PBXNativeTarget;
			buildConfigurationList = 5AEC632A28ED85A5001AEE3D /* Build configuration list for PBXNativeTarget "gaps" */;
			buildPhases = (
				5AEC630128ED85A4001AEE3D /* Sources */,
				5AEC630228ED85A4001AEE3D /* Frameworks */,
				5AEC630328ED85A4001AEE3D /* Resources */,
			);
			buildRules = (
			);
			dependencies = (
			);
			name = gaps;
			productName = gaps;
			productReference = 5AEC630528ED85A4001AEE3D /* gaps.app */;
			productType = "com.apple.product-type.application";
		};
		5AEC631528ED85A5001AEE3D /* gapsTests */ = {
			isa = PBXNativeTarget;
			buildConfigurationList = 5AEC632D28ED85A5001AEE3D /* Build configuration list for PBXNativeTarget "gapsTests" */;
			buildPhases = (
				5AEC631228ED85A5001AEE3D /* Sources */,
				5AEC631328ED85A5001AEE3D /* Frameworks */,
				5AEC631428ED85A5001AEE3D /* Resources */,
			);
			buildRules = (
			);
			dependencies = (
				5AEC631828ED85A5001AEE3D /* PBXTargetDependency */,
			);
			name = gapsTests;
			productName = gapsTests;
			productReference = 5AEC631628ED85A5001AEE3D /* gapsTests.xctest */;
			productType = "com.apple.product-type.bundle.unit-test";
		};
		5AEC631F28ED85A5001AEE3D /* gapsUITests */ = {
			isa = PBXNativeTarget;
			buildConfigurationList = 5AEC633028ED85A5001AEE3D /* Build configuration list for PBXNativeTarget "gapsUITests" */;
			buildPhases = (
				5AEC631C28ED85A5001AEE3D /* Sources */,
				5AEC631D28ED85A5001AEE3D /* Frameworks */,
				5AEC631E28ED85A5001AEE3D /* Resources */,
			);
			buildRules = (
			);
			dependencies = (
				5AEC632228ED85A5001AEE3D /* PBXTargetDependency */,
			);
			name = gapsUITests;
			productName = gapsUITests;
			productReference = 5AEC632028ED85A5001AEE3D /* gapsUITests.xctest */;
			productType = "com.apple.product-type.bundle.ui-testing";
		};
/* End PBXNativeTarget section */

/* Begin PBXProject section */
		5AEC62FD28ED85A4001AEE3D /* Project object */ = {
			isa = PBXProject;
			attributes = {
				BuildIndependentTargetsInParallel = 1;
				LastSwiftUpdateCheck = 1400;
				LastUpgradeCheck = 1410;
				TargetAttributes = {
					5AEC630428ED85A4001AEE3D = {
						CreatedOnToolsVersion = 14.0.1;
					};
					5AEC631528ED85A5001AEE3D = {
						CreatedOnToolsVersion = 14.0.1;
						TestTargetID = 5AEC630428ED85A4001AEE3D;
					};
					5AEC631F28ED85A5001AEE3D = {
						CreatedOnToolsVersion = 14.0.1;
						TestTargetID = 5AEC630428ED85A4001AEE3D;
					};
				};
			};
			buildConfigurationList = 5AEC630028ED85A4001AEE3D /* Build configuration list for PBXProject "gaps" */;
			compatibilityVersion = "Xcode 14.0";
			developmentRegion = en;
			hasScannedForEncodings = 0;
			knownRegions = (
				en,
				Base,
			);
			mainGroup = 5AEC62FC28ED85A4001AEE3D;
			productRefGroup = 5AEC630628ED85A4001AEE3D /* Products */;
			projectDirPath = "";
			projectRoot = "";
			targets = (
				5AEC630428ED85A4001AEE3D /* gaps */,
				5AEC631528ED85A5001AEE3D /* gapsTests */,
				5AEC631F28ED85A5001AEE3D /* gapsUITests */,
			);
		};
/* End PBXProject section */

/* Begin PBXResourcesBuildPhase section */
		5AEC630328ED85A4001AEE3D /* Resources */ = {
			isa = PBXResourcesBuildPhase;
			buildActionMask = 2147483647;
			files = (
				5AEC631128ED85A5001AEE3D /* Preview Assets.xcassets in Resources */,
				5AEC630D28ED85A5001AEE3D /* Assets.xcassets in Resources */,
			);
			runOnlyForDeploymentPostprocessing = 0;
		};
		5AEC631428ED85A5001AEE3D /* Resources */ = {
			isa = PBXResourcesBuildPhase;
			buildActionMask = 2147483647;
			files = (
			);
			runOnlyForDeploymentPostprocessing = 0;
		};
		5AEC631E28ED85A5001AEE3D /* Resources */ = {
			isa = PBXResourcesBuildPhase;
			buildActionMask = 2147483647;
			files = (
			);
			runOnlyForDeploymentPostprocessing = 0;
		};
/* End PBXResourcesBuildPhase section */

/* Begin PBXSourcesBuildPhase section */
		5AEC630128ED85A4001AEE3D /* Sources */ = {
			isa = PBXSourcesBuildPhase;
			buildActionMask = 2147483647;
			files = (
				5A685269292D05BD007FA624 /* StateUI.swift in Sources */,
				5A32134328FDC07900E15F89 /* Graph.swift in Sources */,
				5A0BBD1329009AA4008F4936 /* Move.swift in Sources */,
				5A8220322906939500A17642 /* View.swift in Sources */,
				5AEC633D28ED9DD9001AEE3D /* Matrix.swift in Sources */,
				5AEC630B28ED85A4001AEE3D /* ContentView.swift in Sources */,
				5AEC633B28ED9D66001AEE3D /* GameState.swift in Sources */,
				5AEC633728ED9B98001AEE3D /* CardColors.swift in Sources */,
				5AEC633528ED9B32001AEE3D /* Card.swift in Sources */,
				5AEC630928ED85A4001AEE3D /* gapsApp.swift in Sources */,
				5AEC633928ED9C64001AEE3D /* CardNumbers.swift in Sources */,
			);
			runOnlyForDeploymentPostprocessing = 0;
		};
		5AEC631228ED85A5001AEE3D /* Sources */ = {
			isa = PBXSourcesBuildPhase;
			buildActionMask = 2147483647;
			files = (
				5AEC631B28ED85A5001AEE3D /* gapsTests.swift in Sources */,
			);
			runOnlyForDeploymentPostprocessing = 0;
		};
		5AEC631C28ED85A5001AEE3D /* Sources */ = {
			isa = PBXSourcesBuildPhase;
			buildActionMask = 2147483647;
			files = (
				5AEC632528ED85A5001AEE3D /* gapsUITests.swift in Sources */,
				5AEC632728ED85A5001AEE3D /* gapsUITestsLaunchTests.swift in Sources */,
			);
			runOnlyForDeploymentPostprocessing = 0;
		};
/* End PBXSourcesBuildPhase section */

/* Begin PBXTargetDependency section */
		5AEC631828ED85A5001AEE3D /* PBXTargetDependency */ = {
			isa = PBXTargetDependency;
			target = 5AEC630428ED85A4001AEE3D /* gaps */;
			targetProxy = 5AEC631728ED85A5001AEE3D /* PBXContainerItemProxy */;
		};
		5AEC632228ED85A5001AEE3D /* PBXTargetDependency */ = {
			isa = PBXTargetDependency;
			target = 5AEC630428ED85A4001AEE3D /* gaps */;
			targetProxy = 5AEC632128ED85A5001AEE3D /* PBXContainerItemProxy */;
		};
/* End PBXTargetDependency section */

/* Begin XCBuildConfiguration section */
		5AEC632828ED85A5001AEE3D /* Debug */ = {
			isa = XCBuildConfiguration;
			buildSettings = {
				ALWAYS_SEARCH_USER_PATHS = NO;
				CLANG_ANALYZER_NONNULL = YES;
				CLANG_ANALYZER_NUMBER_OBJECT_CONVERSION = YES_AGGRESSIVE;
				CLANG_CXX_LANGUAGE_STANDARD = "gnu++20";
				CLANG_ENABLE_MODULES = YES;
				CLANG_ENABLE_OBJC_ARC = YES;
				CLANG_ENABLE_OBJC_WEAK = YES;
				CLANG_WARN_BLOCK_CAPTURE_AUTORELEASING = YES;
				CLANG_WARN_BOOL_CONVERSION = YES;
				CLANG_WARN_COMMA = YES;
				CLANG_WARN_CONSTANT_CONVERSION = YES;
				CLANG_WARN_DEPRECATED_OBJC_IMPLEMENTATIONS = YES;
				CLANG_WARN_DIRECT_OBJC_ISA_USAGE = YES_ERROR;
				CLANG_WARN_DOCUMENTATION_COMMENTS = YES;
				CLANG_WARN_EMPTY_BODY = YES;
				CLANG_WARN_ENUM_CONVERSION = YES;
				CLANG_WARN_INFINITE_RECURSION = YES;
				CLANG_WARN_INT_CONVERSION = YES;
				CLANG_WARN_NON_LITERAL_NULL_CONVERSION = YES;
				CLANG_WARN_OBJC_IMPLICIT_RETAIN_SELF = YES;
				CLANG_WARN_OBJC_LITERAL_CONVERSION = YES;
				CLANG_WARN_OBJC_ROOT_CLASS = YES_ERROR;
				CLANG_WARN_QUOTED_INCLUDE_IN_FRAMEWORK_HEADER = YES;
				CLANG_WARN_RANGE_LOOP_ANALYSIS = YES;
				CLANG_WARN_STRICT_PROTOTYPES = YES;
				CLANG_WARN_SUSPICIOUS_MOVE = YES;
				CLANG_WARN_UNGUARDED_AVAILABILITY = YES_AGGRESSIVE;
				CLANG_WARN_UNREACHABLE_CODE = YES;
				CLANG_WARN__DUPLICATE_METHOD_MATCH = YES;
				COPY_PHASE_STRIP = NO;
				DEAD_CODE_STRIPPING = YES;
				DEBUG_INFORMATION_FORMAT = dwarf;
				ENABLE_STRICT_OBJC_MSGSEND = YES;
				ENABLE_TESTABILITY = YES;
				GCC_C_LANGUAGE_STANDARD = gnu11;
				GCC_DYNAMIC_NO_PIC = NO;
				GCC_NO_COMMON_BLOCKS = YES;
				GCC_OPTIMIZATION_LEVEL = 0;
				GCC_PREPROCESSOR_DEFINITIONS = (
					"DEBUG=1",
					"$(inherited)",
				);
				GCC_WARN_64_TO_32_BIT_CONVERSION = YES;
				GCC_WARN_ABOUT_RETURN_TYPE = YES_ERROR;
				GCC_WARN_UNDECLARED_SELECTOR = YES;
				GCC_WARN_UNINITIALIZED_AUTOS = YES_AGGRESSIVE;
				GCC_WARN_UNUSED_FUNCTION = YES;
				GCC_WARN_UNUSED_VARIABLE = YES;
				MTL_ENABLE_DEBUG_INFO = INCLUDE_SOURCE;
				MTL_FAST_MATH = YES;
				ONLY_ACTIVE_ARCH = YES;
				SWIFT_ACTIVE_COMPILATION_CONDITIONS = DEBUG;
				SWIFT_OPTIMIZATION_LEVEL = "-Onone";
			};
			name = Debug;
		};
		5AEC632928ED85A5001AEE3D /* Release */ = {
			isa = XCBuildConfiguration;
			buildSettings = {
				ALWAYS_SEARCH_USER_PATHS = NO;
				CLANG_ANALYZER_NONNULL = YES;
				CLANG_ANALYZER_NUMBER_OBJECT_CONVERSION = YES_AGGRESSIVE;
				CLANG_CXX_LANGUAGE_STANDARD = "gnu++20";
				CLANG_ENABLE_MODULES = YES;
				CLANG_ENABLE_OBJC_ARC = YES;
				CLANG_ENABLE_OBJC_WEAK = YES;
				CLANG_WARN_BLOCK_CAPTURE_AUTORELEASING = YES;
				CLANG_WARN_BOOL_CONVERSION = YES;
				CLANG_WARN_COMMA = YES;
				CLANG_WARN_CONSTANT_CONVERSION = YES;
				CLANG_WARN_DEPRECATED_OBJC_IMPLEMENTATIONS = YES;
				CLANG_WARN_DIRECT_OBJC_ISA_USAGE = YES_ERROR;
				CLANG_WARN_DOCUMENTATION_COMMENTS = YES;
				CLANG_WARN_EMPTY_BODY = YES;
				CLANG_WARN_ENUM_CONVERSION = YES;
				CLANG_WARN_INFINITE_RECURSION = YES;
				CLANG_WARN_INT_CONVERSION = YES;
				CLANG_WARN_NON_LITERAL_NULL_CONVERSION = YES;
				CLANG_WARN_OBJC_IMPLICIT_RETAIN_SELF = YES;
				CLANG_WARN_OBJC_LITERAL_CONVERSION = YES;
				CLANG_WARN_OBJC_ROOT_CLASS = YES_ERROR;
				CLANG_WARN_QUOTED_INCLUDE_IN_FRAMEWORK_HEADER = YES;
				CLANG_WARN_RANGE_LOOP_ANALYSIS = YES;
				CLANG_WARN_STRICT_PROTOTYPES = YES;
				CLANG_WARN_SUSPICIOUS_MOVE = YES;
				CLANG_WARN_UNGUARDED_AVAILABILITY = YES_AGGRESSIVE;
				CLANG_WARN_UNREACHABLE_CODE = YES;
				CLANG_WARN__DUPLICATE_METHOD_MATCH = YES;
				COPY_PHASE_STRIP = NO;
				DEAD_CODE_STRIPPING = YES;
				DEBUG_INFORMATION_FORMAT = "dwarf-with-dsym";
				ENABLE_NS_ASSERTIONS = NO;
				ENABLE_STRICT_OBJC_MSGSEND = YES;
				GCC_C_LANGUAGE_STANDARD = gnu11;
				GCC_NO_COMMON_BLOCKS = YES;
				GCC_WARN_64_TO_32_BIT_CONVERSION = YES;
				GCC_WARN_ABOUT_RETURN_TYPE = YES_ERROR;
				GCC_WARN_UNDECLARED_SELECTOR = YES;
				GCC_WARN_UNINITIALIZED_AUTOS = YES_AGGRESSIVE;
				GCC_WARN_UNUSED_FUNCTION = YES;
				GCC_WARN_UNUSED_VARIABLE = YES;
				MTL_ENABLE_DEBUG_INFO = NO;
				MTL_FAST_MATH = YES;
				SWIFT_COMPILATION_MODE = wholemodule;
				SWIFT_OPTIMIZATION_LEVEL = "-O";
			};
			name = Release;
		};
		5AEC632B28ED85A5001AEE3D /* Debug */ = {
			isa = XCBuildConfiguration;
			buildSettings = {
				ASSETCATALOG_COMPILER_APPICON_NAME = AppIcon;
				ASSETCATALOG_COMPILER_GLOBAL_ACCENT_COLOR_NAME = AccentColor;
				ASSETCATALOG_COMPILER_INCLUDE_ALL_APPICON_ASSETS = YES;
				CODE_SIGN_ENTITLEMENTS = gaps/gaps.entitlements;
				CODE_SIGN_IDENTITY = "-";
				CODE_SIGN_STYLE = Automatic;
				CURRENT_PROJECT_VERSION = 1;
				DEAD_CODE_STRIPPING = YES;
				DEVELOPMENT_ASSET_PATHS = "\"gaps/Preview Content\"";
				DEVELOPMENT_TEAM = BCW7TF5B5M;
				ENABLE_HARDENED_RUNTIME = YES;
				ENABLE_PREVIEWS = YES;
				GENERATE_INFOPLIST_FILE = YES;
				INFOPLIST_KEY_CFBundleDisplayName = Gaps;
				INFOPLIST_KEY_LSApplicationCategoryType = "public.app-category.card-games";
				"INFOPLIST_KEY_UIApplicationSceneManifest_Generation[sdk=iphoneos*]" = YES;
				"INFOPLIST_KEY_UIApplicationSceneManifest_Generation[sdk=iphonesimulator*]" = YES;
				"INFOPLIST_KEY_UIApplicationSupportsIndirectInputEvents[sdk=iphoneos*]" = YES;
				"INFOPLIST_KEY_UIApplicationSupportsIndirectInputEvents[sdk=iphonesimulator*]" = YES;
				"INFOPLIST_KEY_UILaunchScreen_Generation[sdk=iphoneos*]" = YES;
				"INFOPLIST_KEY_UILaunchScreen_Generation[sdk=iphonesimulator*]" = YES;
				INFOPLIST_KEY_UIStatusBarStyle = "";
				"INFOPLIST_KEY_UIStatusBarStyle[sdk=iphoneos*]" = UIStatusBarStyleDefault;
				"INFOPLIST_KEY_UIStatusBarStyle[sdk=iphonesimulator*]" = UIStatusBarStyleDefault;
				INFOPLIST_KEY_UISupportedInterfaceOrientations_iPad = "UIInterfaceOrientationPortrait UIInterfaceOrientationPortraitUpsideDown UIInterfaceOrientationLandscapeLeft UIInterfaceOrientationLandscapeRight";
				INFOPLIST_KEY_UISupportedInterfaceOrientations_iPhone = "UIInterfaceOrientationPortrait UIInterfaceOrientationLandscapeLeft UIInterfaceOrientationLandscapeRight";
				IPHONEOS_DEPLOYMENT_TARGET = 15.6;
				LD_RUNPATH_SEARCH_PATHS = "@executable_path/Frameworks";
				"LD_RUNPATH_SEARCH_PATHS[sdk=macosx*]" = "@executable_path/../Frameworks";
				MACOSX_DEPLOYMENT_TARGET = 12.3;
				MARKETING_VERSION = 1.0;
				PRODUCT_BUNDLE_IDENTIFIER = ch.hearc.gaps;
				PRODUCT_NAME = "$(TARGET_NAME)";
				SDKROOT = macosx;
				SUPPORTED_PLATFORMS = "iphoneos iphonesimulator macosx";
				SWIFT_EMIT_LOC_STRINGS = YES;
				SWIFT_VERSION = 5.0;
				TARGETED_DEVICE_FAMILY = "1,2";
			};
			name = Debug;
		};
		5AEC632C28ED85A5001AEE3D /* Release */ = {
			isa = XCBuildConfiguration;
			buildSettings = {
				ASSETCATALOG_COMPILER_APPICON_NAME = AppIcon;
				ASSETCATALOG_COMPILER_GLOBAL_ACCENT_COLOR_NAME = AccentColor;
				ASSETCATALOG_COMPILER_INCLUDE_ALL_APPICON_ASSETS = YES;
				CODE_SIGN_ENTITLEMENTS = gaps/gaps.entitlements;
				CODE_SIGN_IDENTITY = "-";
				CODE_SIGN_STYLE = Automatic;
				CURRENT_PROJECT_VERSION = 1;
				DEAD_CODE_STRIPPING = YES;
				DEVELOPMENT_ASSET_PATHS = "\"gaps/Preview Content\"";
				DEVELOPMENT_TEAM = BCW7TF5B5M;
				ENABLE_HARDENED_RUNTIME = YES;
				ENABLE_PREVIEWS = YES;
				GENERATE_INFOPLIST_FILE = YES;
				INFOPLIST_KEY_CFBundleDisplayName = Gaps;
				INFOPLIST_KEY_LSApplicationCategoryType = "public.app-category.card-games";
				"INFOPLIST_KEY_UIApplicationSceneManifest_Generation[sdk=iphoneos*]" = YES;
				"INFOPLIST_KEY_UIApplicationSceneManifest_Generation[sdk=iphonesimulator*]" = YES;
				"INFOPLIST_KEY_UIApplicationSupportsIndirectInputEvents[sdk=iphoneos*]" = YES;
				"INFOPLIST_KEY_UIApplicationSupportsIndirectInputEvents[sdk=iphonesimulator*]" = YES;
				"INFOPLIST_KEY_UILaunchScreen_Generation[sdk=iphoneos*]" = YES;
				"INFOPLIST_KEY_UILaunchScreen_Generation[sdk=iphonesimulator*]" = YES;
				INFOPLIST_KEY_UIStatusBarStyle = "";
				"INFOPLIST_KEY_UIStatusBarStyle[sdk=iphoneos*]" = UIStatusBarStyleDefault;
				"INFOPLIST_KEY_UIStatusBarStyle[sdk=iphonesimulator*]" = UIStatusBarStyleDefault;
				INFOPLIST_KEY_UISupportedInterfaceOrientations_iPad = "UIInterfaceOrientationPortrait UIInterfaceOrientationPortraitUpsideDown UIInterfaceOrientationLandscapeLeft UIInterfaceOrientationLandscapeRight";
				INFOPLIST_KEY_UISupportedInterfaceOrientations_iPhone = "UIInterfaceOrientationPortrait UIInterfaceOrientationLandscapeLeft UIInterfaceOrientationLandscapeRight";
				IPHONEOS_DEPLOYMENT_TARGET = 15.6;
				LD_RUNPATH_SEARCH_PATHS = "@executable_path/Frameworks";
				"LD_RUNPATH_SEARCH_PATHS[sdk=macosx*]" = "@executable_path/../Frameworks";
				MACOSX_DEPLOYMENT_TARGET = 12.3;
				MARKETING_VERSION = 1.0;
				PRODUCT_BUNDLE_IDENTIFIER = ch.hearc.gaps;
				PRODUCT_NAME = "$(TARGET_NAME)";
				SDKROOT = macosx;
				SUPPORTED_PLATFORMS = "iphoneos iphonesimulator macosx";
				SWIFT_EMIT_LOC_STRINGS = YES;
				SWIFT_VERSION = 5.0;
				TARGETED_DEVICE_FAMILY = "1,2";
			};
			name = Release;
		};
		5AEC632E28ED85A5001AEE3D /* Debug */ = {
			isa = XCBuildConfiguration;
			buildSettings = {
				ALWAYS_EMBED_SWIFT_STANDARD_LIBRARIES = YES;
				BUNDLE_LOADER = "$(TEST_HOST)";
				CODE_SIGN_STYLE = Automatic;
				CURRENT_PROJECT_VERSION = 1;
				DEAD_CODE_STRIPPING = YES;
				DEVELOPMENT_TEAM = BCW7TF5B5M;
				GENERATE_INFOPLIST_FILE = YES;
				IPHONEOS_DEPLOYMENT_TARGET = 16.0;
				MACOSX_DEPLOYMENT_TARGET = 12.3;
				MARKETING_VERSION = 1.0;
				PRODUCT_BUNDLE_IDENTIFIER = ch.hearc.gapsTests;
				PRODUCT_NAME = "$(TARGET_NAME)";
				SDKROOT = auto;
				SUPPORTED_PLATFORMS = "iphoneos iphonesimulator macosx";
				SWIFT_EMIT_LOC_STRINGS = NO;
				SWIFT_VERSION = 5.0;
				TARGETED_DEVICE_FAMILY = "1,2";
				TEST_HOST = "$(BUILT_PRODUCTS_DIR)/gaps.app/$(BUNDLE_EXECUTABLE_FOLDER_PATH)/gaps";
			};
			name = Debug;
		};
		5AEC632F28ED85A5001AEE3D /* Release */ = {
			isa = XCBuildConfiguration;
			buildSettings = {
				ALWAYS_EMBED_SWIFT_STANDARD_LIBRARIES = YES;
				BUNDLE_LOADER = "$(TEST_HOST)";
				CODE_SIGN_STYLE = Automatic;
				CURRENT_PROJECT_VERSION = 1;
				DEAD_CODE_STRIPPING = YES;
				DEVELOPMENT_TEAM = BCW7TF5B5M;
				GENERATE_INFOPLIST_FILE = YES;
				IPHONEOS_DEPLOYMENT_TARGET = 16.0;
				MACOSX_DEPLOYMENT_TARGET = 12.3;
				MARKETING_VERSION = 1.0;
				PRODUCT_BUNDLE_IDENTIFIER = ch.hearc.gapsTests;
				PRODUCT_NAME = "$(TARGET_NAME)";
				SDKROOT = auto;
				SUPPORTED_PLATFORMS = "iphoneos iphonesimulator macosx";
				SWIFT_EMIT_LOC_STRINGS = NO;
				SWIFT_VERSION = 5.0;
				TARGETED_DEVICE_FAMILY = "1,2";
				TEST_HOST = "$(BUILT_PRODUCTS_DIR)/gaps.app/$(BUNDLE_EXECUTABLE_FOLDER_PATH)/gaps";
			};
			name = Release;
		};
		5AEC633128ED85A5001AEE3D /* Debug */ = {
			isa = XCBuildConfiguration;
			buildSettings = {
				ALWAYS_EMBED_SWIFT_STANDARD_LIBRARIES = YES;
				CODE_SIGN_STYLE = Automatic;
				CURRENT_PROJECT_VERSION = 1;
				DEAD_CODE_STRIPPING = YES;
				DEVELOPMENT_TEAM = BCW7TF5B5M;
				GENERATE_INFOPLIST_FILE = YES;
				IPHONEOS_DEPLOYMENT_TARGET = 16.0;
				MACOSX_DEPLOYMENT_TARGET = 12.3;
				MARKETING_VERSION = 1.0;
				PRODUCT_BUNDLE_IDENTIFIER = ch.hearc.gapsUITests;
				PRODUCT_NAME = "$(TARGET_NAME)";
				SDKROOT = auto;
				SUPPORTED_PLATFORMS = "iphoneos iphonesimulator macosx";
				SWIFT_EMIT_LOC_STRINGS = NO;
				SWIFT_VERSION = 5.0;
				TARGETED_DEVICE_FAMILY = "1,2";
				TEST_TARGET_NAME = gaps;
			};
			name = Debug;
		};
		5AEC633228ED85A5001AEE3D /* Release */ = {
			isa = XCBuildConfiguration;
			buildSettings = {
				ALWAYS_EMBED_SWIFT_STANDARD_LIBRARIES = YES;
				CODE_SIGN_STYLE = Automatic;
				CURRENT_PROJECT_VERSION = 1;
				DEAD_CODE_STRIPPING = YES;
				DEVELOPMENT_TEAM = BCW7TF5B5M;
				GENERATE_INFOPLIST_FILE = YES;
				IPHONEOS_DEPLOYMENT_TARGET = 16.0;
				MACOSX_DEPLOYMENT_TARGET = 12.3;
				MARKETING_VERSION = 1.0;
				PRODUCT_BUNDLE_IDENTIFIER = ch.hearc.gapsUITests;
				PRODUCT_NAME = "$(TARGET_NAME)";
				SDKROOT = auto;
				SUPPORTED_PLATFORMS = "iphoneos iphonesimulator macosx";
				SWIFT_EMIT_LOC_STRINGS = NO;
				SWIFT_VERSION = 5.0;
				TARGETED_DEVICE_FAMILY = "1,2";
				TEST_TARGET_NAME = gaps;
			};
			name = Release;
		};
/* End XCBuildConfiguration section */

/* Begin XCConfigurationList section */
		5AEC630028ED85A4001AEE3D /* Build configuration list for PBXProject "gaps" */ = {
			isa = XCConfigurationList;
			buildConfigurations = (
				5AEC632828ED85A5001AEE3D /* Debug */,
				5AEC632928ED85A5001AEE3D /* Release */,
			);
			defaultConfigurationIsVisible = 0;
			defaultConfigurationName = Release;
		};
		5AEC632A28ED85A5001AEE3D /* Build configuration list for PBXNativeTarget "gaps" */ = {
			isa = XCConfigurationList;
			buildConfigurations = (
				5AEC632B28ED85A5001AEE3D /* Debug */,
				5AEC632C28ED85A5001AEE3D /* Release */,
			);
			defaultConfigurationIsVisible = 0;
			defaultConfigurationName = Release;
		};
		5AEC632D28ED85A5001AEE3D /* Build configuration list for PBXNativeTarget "gapsTests" */ = {
			isa = XCConfigurationList;
			buildConfigurations = (
				5AEC632E28ED85A5001AEE3D /* Debug */,
				5AEC632F28ED85A5001AEE3D /* Release */,
			);
			defaultConfigurationIsVisible = 0;
			defaultConfigurationName = Release;
		};
		5AEC633028ED85A5001AEE3D /* Build configuration list for PBXNativeTarget "gapsUITests" */ = {
			isa = XCConfigurationList;
			buildConfigurations = (
				5AEC633128ED85A5001AEE3D /* Debug */,
				5AEC633228ED85A5001AEE3D /* Release */,
			);
			defaultConfigurationIsVisible = 0;
			defaultConfigurationName = Release;
		};
/* End XCConfigurationList section */
	};
	rootObject = 5AEC62FD28ED85A4001AEE3D /* Project object */;
}
